
Microsoft Visual Studio Solution File, Format Version 12.00
# Visual Studio Version 16
VisualStudioVersion = 16.0.30114.105
MinimumVisualStudioVersion = 10.0.40219.1
Project("{2150E333-8FDC-42A3-9474-1A3956D46DE8}") = "src", "src", "{2DF9BAEA-8911-41B9-9EE9-C2A6AEA9477C}"
EndProject
Project("{FAE04EC0-301F-11D3-BF4B-00C04F79EFBC}") = "Dungeosis.ConsoleApp", "src\Dungeosis.ConsoleApp\Dungeosis.ConsoleApp.csproj", "{F3867A28-B375-4B8F-82ED-A59B481F621C}"
EndProject
Project("{FAE04EC0-301F-11D3-BF4B-00C04F79EFBC}") = "Dungeosis.ClassLib", "src\Dungeosis.ClassLib\Dungeosis.ClassLib.csproj", "{BF1AAB86-EF19-49B9-8909-5A280E992493}"
EndProject
Project("{2150E333-8FDC-42A3-9474-1A3956D46DE8}") = "test", "test", "{811CD00B-8B14-44C6-AF02-1F8FA5BB335E}"
EndProject
Project("{FAE04EC0-301F-11D3-BF4B-00C04F79EFBC}") = "Dungeosis.Tests", "test\Dungeosis.Tests\Dungeosis.Tests.csproj", "{8630D676-A4EC-4DE0-B087-C841557A579E}"
EndProject
Project("{FAE04EC0-301F-11D3-BF4B-00C04F79EFBC}") = "Dungeosis.WebApp", "src\Dungeosis.WebApp\Dungeosis.WebApp.csproj", "{4A3893D1-CE22-4997-A25C-103231AF30FB}"
EndProject
Global
	GlobalSection(SolutionConfigurationPlatforms) = preSolution
		Debug|Any CPU = Debug|Any CPU
		Debug|x64 = Debug|x64
		Debug|x86 = Debug|x86
		Release|Any CPU = Release|Any CPU
		Release|x64 = Release|x64
		Release|x86 = Release|x86
	EndGlobalSection
	GlobalSection(ProjectConfigurationPlatforms) = postSolution
		{F3867A28-B375-4B8F-82ED-A59B481F621C}.Debug|Any CPU.ActiveCfg = Debug|Any CPU
		{F3867A28-B375-4B8F-82ED-A59B481F621C}.Debug|Any CPU.Build.0 = Debug|Any CPU
		{F3867A28-B375-4B8F-82ED-A59B481F621C}.Debug|x64.ActiveCfg = Debug|Any CPU
		{F3867A28-B375-4B8F-82ED-A59B481F621C}.Debug|x64.Build.0 = Debug|Any CPU
		{F3867A28-B375-4B8F-82ED-A59B481F621C}.Debug|x86.ActiveCfg = Debug|Any CPU
		{F3867A28-B375-4B8F-82ED-A59B481F621C}.Debug|x86.Build.0 = Debug|Any CPU
		{F3867A28-B375-4B8F-82ED-A59B481F621C}.Release|Any CPU.ActiveCfg = Release|Any CPU
		{F3867A28-B375-4B8F-82ED-A59B481F621C}.Release|Any CPU.Build.0 = Release|Any CPU
		{F3867A28-B375-4B8F-82ED-A59B481F621C}.Release|x64.ActiveCfg = Release|Any CPU
		{F3867A28-B375-4B8F-82ED-A59B481F621C}.Release|x64.Build.0 = Release|Any CPU
		{F3867A28-B375-4B8F-82ED-A59B481F621C}.Release|x86.ActiveCfg = Release|Any CPU
		{F3867A28-B375-4B8F-82ED-A59B481F621C}.Release|x86.Build.0 = Release|Any CPU
		{BF1AAB86-EF19-49B9-8909-5A280E992493}.Debug|Any CPU.ActiveCfg = Debug|Any CPU
		{BF1AAB86-EF19-49B9-8909-5A280E992493}.Debug|Any CPU.Build.0 = Debug|Any CPU
		{BF1AAB86-EF19-49B9-8909-5A280E992493}.Debug|x64.ActiveCfg = Debug|Any CPU
		{BF1AAB86-EF19-49B9-8909-5A280E992493}.Debug|x64.Build.0 = Debug|Any CPU
		{BF1AAB86-EF19-49B9-8909-5A280E992493}.Debug|x86.ActiveCfg = Debug|Any CPU
		{BF1AAB86-EF19-49B9-8909-5A280E992493}.Debug|x86.Build.0 = Debug|Any CPU
		{BF1AAB86-EF19-49B9-8909-5A280E992493}.Release|Any CPU.ActiveCfg = Release|Any CPU
		{BF1AAB86-EF19-49B9-8909-5A280E992493}.Release|Any CPU.Build.0 = Release|Any CPU
		{BF1AAB86-EF19-49B9-8909-5A280E992493}.Release|x64.ActiveCfg = Release|Any CPU
		{BF1AAB86-EF19-49B9-8909-5A280E992493}.Release|x64.Build.0 = Release|Any CPU
		{BF1AAB86-EF19-49B9-8909-5A280E992493}.Release|x86.ActiveCfg = Release|Any CPU
		{BF1AAB86-EF19-49B9-8909-5A280E992493}.Release|x86.Build.0 = Release|Any CPU
		{8630D676-A4EC-4DE0-B087-C841557A579E}.Debug|Any CPU.ActiveCfg = Debug|Any CPU
		{8630D676-A4EC-4DE0-B087-C841557A579E}.Debug|Any CPU.Build.0 = Debug|Any CPU
		{8630D676-A4EC-4DE0-B087-C841557A579E}.Debug|x64.ActiveCfg = Debug|Any CPU
		{8630D676-A4EC-4DE0-B087-C841557A579E}.Debug|x64.Build.0 = Debug|Any CPU
		{8630D676-A4EC-4DE0-B087-C841557A579E}.Debug|x86.ActiveCfg = Debug|Any CPU
		{8630D676-A4EC-4DE0-B087-C841557A579E}.Debug|x86.Build.0 = Debug|Any CPU
		{8630D676-A4EC-4DE0-B087-C841557A579E}.Release|Any CPU.ActiveCfg = Release|Any CPU
		{8630D676-A4EC-4DE0-B087-C841557A579E}.Release|Any CPU.Build.0 = Release|Any CPU
		{8630D676-A4EC-4DE0-B087-C841557A579E}.Release|x64.ActiveCfg = Release|Any CPU
		{8630D676-A4EC-4DE0-B087-C841557A579E}.Release|x64.Build.0 = Release|Any CPU
		{8630D676-A4EC-4DE0-B087-C841557A579E}.Release|x86.ActiveCfg = Release|Any CPU
		{8630D676-A4EC-4DE0-B087-C841557A579E}.Release|x86.Build.0 = Release|Any CPU
		{4A3893D1-CE22-4997-A25C-103231AF30FB}.Debug|Any CPU.ActiveCfg = Debug|Any CPU
		{4A3893D1-CE22-4997-A25C-103231AF30FB}.Debug|Any CPU.Build.0 = Debug|Any CPU
		{4A3893D1-CE22-4997-A25C-103231AF30FB}.Debug|x64.ActiveCfg = Debug|Any CPU
		{4A3893D1-CE22-4997-A25C-103231AF30FB}.Debug|x64.Build.0 = Debug|Any CPU
		{4A3893D1-CE22-4997-A25C-103231AF30FB}.Debug|x86.ActiveCfg = Debug|Any CPU
		{4A3893D1-CE22-4997-A25C-103231AF30FB}.Debug|x86.Build.0 = Debug|Any CPU
		{4A3893D1-CE22-4997-A25C-103231AF30FB}.Release|Any CPU.ActiveCfg = Release|Any CPU
		{4A3893D1-CE22-4997-A25C-103231AF30FB}.Release|Any CPU.Build.0 = Release|Any CPU
		{4A3893D1-CE22-4997-A25C-103231AF30FB}.Release|x64.ActiveCfg = Release|Any CPU
		{4A3893D1-CE22-4997-A25C-103231AF30FB}.Release|x64.Build.0 = Release|Any CPU
		{4A3893D1-CE22-4997-A25C-103231AF30FB}.Release|x86.ActiveCfg = Release|Any CPU
		{4A3893D1-CE22-4997-A25C-103231AF30FB}.Release|x86.Build.0 = Release|Any CPU
	EndGlobalSection
	GlobalSection(SolutionProperties) = preSolution
		HideSolutionNode = FALSE
	EndGlobalSection
	GlobalSection(NestedProjects) = preSolution
		{F3867A28-B375-4B8F-82ED-A59B481F621C} = {2DF9BAEA-8911-41B9-9EE9-C2A6AEA9477C}
		{BF1AAB86-EF19-49B9-8909-5A280E992493} = {2DF9BAEA-8911-41B9-9EE9-C2A6AEA9477C}
		{8630D676-A4EC-4DE0-B087-C841557A579E} = {811CD00B-8B14-44C6-AF02-1F8FA5BB335E}
		{4A3893D1-CE22-4997-A25C-103231AF30FB} = {2DF9BAEA-8911-41B9-9EE9-C2A6AEA9477C}
	EndGlobalSection
	GlobalSection(ExtensibilityGlobals) = postSolution
		SolutionGuid = {E974A14F-E7BE-4EDF-A289-FDB3849BAEE5}
	EndGlobalSection
EndGlobal
